// !$*UTF8*$!
{
	archiveVersion = 1;
	classes = {
	};
	objectVersion = 50;
	objects = {

/* Begin PBXBuildFile section */
		C39D204B2310C0FE00B7B19D /* AppDelegate.swift in Sources */ = {isa = PBXBuildFile; fileRef = C39D204A2310C0FE00B7B19D /* AppDelegate.swift */; };
		C39D204D2310C0FE00B7B19D /* ViewController.swift in Sources */ = {isa = PBXBuildFile; fileRef = C39D204C2310C0FE00B7B19D /* ViewController.swift */; };
		C39D20502310C0FE00B7B19D /* Main.storyboard in Resources */ = {isa = PBXBuildFile; fileRef = C39D204E2310C0FE00B7B19D /* Main.storyboard */; };
		C39D20522310C0FE00B7B19D /* Assets.xcassets in Resources */ = {isa = PBXBuildFile; fileRef = C39D20512310C0FE00B7B19D /* Assets.xcassets */; };
		C39D20552310C0FE00B7B19D /* LaunchScreen.storyboard in Resources */ = {isa = PBXBuildFile; fileRef = C39D20532310C0FE00B7B19D /* LaunchScreen.storyboard */; };
		C39D205D2310C19D00B7B19D /* botoncito.swift in Sources */ = {isa = PBXBuildFile; fileRef = C39D205C2310C19D00B7B19D /* botoncito.swift */; };
/* End PBXBuildFile section */

/* Begin PBXFileReference section */
		C39D20472310C0FE00B7B19D /* sesion5.4Boton.app */ = {isa = PBXFileReference; explicitFileType = wrapper.application; includeInIndex = 0; path = sesion5.4Boton.app; sourceTree = BUILT_PRODUCTS_DIR; };
		C39D204A2310C0FE00B7B19D /* AppDelegate.swift */ = {isa = PBXFileReference; lastKnownFileType = sourcecode.swift; path = AppDelegate.swift; sourceTree = "<group>"; };
		C39D204C2310C0FE00B7B19D /* ViewController.swift */ = {isa = PBXFileReference; lastKnownFileType = sourcecode.swift; path = ViewController.swift; sourceTree = "<group>"; };
		C39D204F2310C0FE00B7B19D /* Base */ = {isa = PBXFileReference; lastKnownFileType = file.storyboard; name = Base; path = Base.lproj/Main.storyboard; sourceTree = "<group>"; };
		C39D20512310C0FE00B7B19D /* Assets.xcassets */ = {isa = PBXFileReference; lastKnownFileType = folder.assetcatalog; path = Assets.xcassets; sourceTree = "<group>"; };
		C39D20542310C0FE00B7B19D /* Base */ = {isa = PBXFileReference; lastKnownFileType = file.storyboard; name = Base; path = Base.lproj/LaunchScreen.storyboard; sourceTree = "<group>"; };
		C39D20562310C0FE00B7B19D /* Info.plist */ = {isa = PBXFileReference; lastKnownFileType = text.plist.xml; path = Info.plist; sourceTree = "<group>"; };
		C39D205C2310C19D00B7B19D /* botoncito.swift */ = {isa = PBXFileReference; lastKnownFileType = sourcecode.swift; path = botoncito.swift; sourceTree = "<group>"; };
/* End PBXFileReference section */

/* Begin PBXFrameworksBuildPhase section */
		C39D20442310C0FE00B7B19D /* Frameworks */ = {
			isa = PBXFrameworksBuildPhase;
			buildActionMask = 2147483647;
			files = (
			);
			runOnlyForDeploymentPostprocessing = 0;
		};
/* End PBXFrameworksBuildPhase section */

/* Begin PBXGroup section */
		C39D203E2310C0FE00B7B19D = {
			isa = PBXGroup;
			children = (
				C39D20492310C0FE00B7B19D /* sesion5.4Boton */,
				C39D20482310C0FE00B7B19D /* Products */,
			);
			sourceTree = "<group>";
		};
		C39D20482310C0FE00B7B19D /* Products */ = {
			isa = PBXGroup;
			children = (
				C39D20472310C0FE00B7B19D /* sesion5.4Boton.app */,
			);
			name = Products;
			sourceTree = "<group>";
		};
		C39D20492310C0FE00B7B19D /* sesion5.4Boton */ = {
			isa = PBXGroup;
			children = (
				C39D204A2310C0FE00B7B19D /* AppDelegate.swift */,
				C39D204C2310C0FE00B7B19D /* ViewController.swift */,
				C39D205C2310C19D00B7B19D /* botoncito.swift */,
				C39D204E2310C0FE00B7B19D /* Main.storyboard */,
				C39D20512310C0FE00B7B19D /* Assets.xcassets */,
				C39D20532310C0FE00B7B19D /* LaunchScreen.storyboard */,
				C39D20562310C0FE00B7B19D /* Info.plist */,
			);
			path = sesion5.4Boton;
			sourceTree = "<group>";
		};
/* End PBXGroup section */

/* Begin PBXNativeTarget section */
		C39D20462310C0FE00B7B19D /* sesion5.4Boton */ = {
			isa = PBXNativeTarget;
			buildConfigurationList = C39D20592310C0FE00B7B19D /* Build configuration list for PBXNativeTarget "sesion5.4Boton" */;
			buildPhases = (
				C39D20432310C0FE00B7B19D /* Sources */,
				C39D20442310C0FE00B7B19D /* Frameworks */,
				C39D20452310C0FE00B7B19D /* Resources */,
			);
			buildRules = (
			);
			dependencies = (
			);
			name = sesion5.4Boton;
			productName = sesion5.4Boton;
			productReference = C39D20472310C0FE00B7B19D /* sesion5.4Boton.app */;
			productType = "com.apple.product-type.application";
		};
/* End PBXNativeTarget section */

/* Begin PBXProject section */
		C39D203F2310C0FE00B7B19D /* Project object */ = {
			isa = PBXProject;
			attributes = {
				LastSwiftUpdateCheck = 1030;
				LastUpgradeCheck = 1030;
				ORGANIZATIONNAME = unam;
				TargetAttributes = {
					C39D20462310C0FE00B7B19D = {
						CreatedOnToolsVersion = 10.3;
					};
				};
			};
			buildConfigurationList = C39D20422310C0FE00B7B19D /* Build configuration list for PBXProject "sesion5.4Boton" */;
			compatibilityVersion = "Xcode 9.3";
			developmentRegion = en;
			hasScannedForEncodings = 0;
			knownRegions = (
				en,
				Base,
			);
			mainGroup = C39D203E2310C0FE00B7B19D;
			productRefGroup = C39D20482310C0FE00B7B19D /* Products */;
			projectDirPath = "";
			projectRoot = "";
			targets = (
				C39D20462310C0FE00B7B19D /* sesion5.4Boton */,
			);
		};
/* End PBXProject section */

/* Begin PBXResourcesBuildPhase section */
		C39D20452310C0FE00B7B19D /* Resources */ = {
			isa = PBXResourcesBuildPhase;
			buildActionMask = 2147483647;
			files = (
				C39D20552310C0FE00B7B19D /* LaunchScreen.storyboard in Resources */,
				C39D20522310C0FE00B7B19D /* Assets.xcassets in Resources */,
				C39D20502310C0FE00B7B19D /* Main.storyboard in Resources */,
			);
			runOnlyForDeploymentPostprocessing = 0;
		};
/* End PBXResourcesBuildPhase section */

/* Begin PBXSourcesBuildPhase section */
		C39D20432310C0FE00B7B19D /* Sources */ = {
			isa = PBXSourcesBuildPhase;
			buildActionMask = 2147483647;
			files = (
				C39D205D2310C19D00B7B19D /* botoncito.swift in Sources */,
				C39D204D2310C0FE00B7B19D /* ViewController.swift in Sources */,
				C39D204B2310C0FE00B7B19D /* AppDelegate.swift in Sources */,
			);
			runOnlyForDeploymentPostprocessing = 0;
		};
/* End PBXSourcesBuildPhase section */

/* Begin PBXVariantGroup section */
		C39D204E2310C0FE00B7B19D /* Main.storyboard */ = {
			isa = PBXVariantGroup;
			children = (
				C39D204F2310C0FE00B7B19D /* Base */,
			);
			name = Main.storyboard;
			sourceTree = "<group>";
		};
		C39D20532310C0FE00B7B19D /* LaunchScreen.storyboard */ = {
			isa = PBXVariantGroup;
			children = (
				C39D20542310C0FE00B7B19D /* Base */,
			);
			name = LaunchScreen.storyboard;
			sourceTree = "<group>";
		};
/* End PBXVariantGroup section */

/* Begin XCBuildConfiguration section */
		C39D20572310C0FE00B7B19D /* Debug */ = {
			isa = XCBuildConfiguration;
			buildSettings = {
				ALWAYS_SEARCH_USER_PATHS = NO;
				CLANG_ANALYZER_NONNULL = YES;
				CLANG_ANALYZER_NUMBER_OBJECT_CONVERSION = YES_AGGRESSIVE;
				CLANG_CXX_LANGUAGE_STANDARD = "gnu++14";
				CLANG_CXX_LIBRARY = "libc++";
				CLANG_ENABLE_MODULES = YES;
				CLANG_ENABLE_OBJC_ARC = YES;
				CLANG_ENABLE_OBJC_WEAK = YES;
				CLANG_WARN_BLOCK_CAPTURE_AUTORELEASING = YES;
				CLANG_WARN_BOOL_CONVERSION = YES;
				CLANG_WARN_COMMA = YES;
				CLANG_WARN_CONSTANT_CONVERSION = YES;
				CLANG_WARN_DEPRECATED_OBJC_IMPLEMENTATIONS = YES;
				CLANG_WARN_DIRECT_OBJC_ISA_USAGE = YES_ERROR;
				CLANG_WARN_DOCUMENTATION_COMMENTS = YES;
				CLANG_WARN_EMPTY_BODY = YES;
				CLANG_WARN_ENUM_CONVERSION = YES;
				CLANG_WARN_INFINITE_RECURSION = YES;
				CLANG_WARN_INT_CONVERSION = YES;
				CLANG_WARN_NON_LITERAL_NULL_CONVERSION = YES;
				CLANG_WARN_OBJC_IMPLICIT_RETAIN_SELF = YES;
				CLANG_WARN_OBJC_LITERAL_CONVERSION = YES;
				CLANG_WARN_OBJC_ROOT_CLASS = YES_ERROR;
				CLANG_WARN_RANGE_LOOP_ANALYSIS = YES;
				CLANG_WARN_STRICT_PROTOTYPES = YES;
				CLANG_WARN_SUSPICIOUS_MOVE = YES;
				CLANG_WARN_UNGUARDED_AVAILABILITY = YES_AGGRESSIVE;
				CLANG_WARN_UNREACHABLE_CODE = YES;
				CLANG_WARN__DUPLICATE_METHOD_MATCH = YES;
				CODE_SIGN_IDENTITY = "iPhone Developer";
				COPY_PHASE_STRIP = NO;
				DEBUG_INFORMATION_FORMAT = dwarf;
				ENABLE_STRICT_OBJC_MSGSEND = YES;
				ENABLE_TESTABILITY = YES;
				GCC_C_LANGUAGE_STANDARD = gnu11;
				GCC_DYNAMIC_NO_PIC = NO;
				GCC_NO_COMMON_BLOCKS = YES;
				GCC_OPTIMIZATION_LEVEL = 0;
				GCC_PREPROCESSOR_DEFINITIONS = (
					"DEBUG=1",
					"$(inherited)",
				);
				GCC_WARN_64_TO_32_BIT_CONVERSION = YES;
				GCC_WARN_ABOUT_RETURN_TYPE = YES_ERROR;
				GCC_WARN_UNDECLARED_SELECTOR = YES;
				GCC_WARN_UNINITIALIZED_AUTOS = YES_AGGRESSIVE;
				GCC_WARN_UNUSED_FUNCTION = YES;
				GCC_WARN_UNUSED_VARIABLE = YES;
				IPHONEOS_DEPLOYMENT_TARGET = 12.4;
				MTL_ENABLE_DEBUG_INFO = INCLUDE_SOURCE;
				MTL_FAST_MATH = YES;
				ONLY_ACTIVE_ARCH = YES;
				SDKROOT = iphoneos;
				SWIFT_ACTIVE_COMPILATION_CONDITIONS = DEBUG;
				SWIFT_OPTIMIZATION_LEVEL = "-Onone";
			};
			name = Debug;
		};
		C39D20582310C0FE00B7B19D /* Release */ = {
			isa = XCBuildConfiguration;
			buildSettings = {
				ALWAYS_SEARCH_USER_PATHS = NO;
				CLANG_ANALYZER_NONNULL = YES;
				CLANG_ANALYZER_NUMBER_OBJECT_CONVERSION = YES_AGGRESSIVE;
				CLANG_CXX_LANGUAGE_STANDARD = "gnu++14";
				CLANG_CXX_LIBRARY = "libc++";
				CLANG_ENABLE_MODULES = YES;
				CLANG_ENABLE_OBJC_ARC = YES;
				CLANG_ENABLE_OBJC_WEAK = YES;
				CLANG_WARN_BLOCK_CAPTURE_AUTORELEASING = YES;
				CLANG_WARN_BOOL_CONVERSION = YES;
				CLANG_WARN_COMMA = YES;
				CLANG_WARN_CONSTANT_CONVERSION = YES;
				CLANG_WARN_DEPRECATED_OBJC_IMPLEMENTATIONS = YES;
				CLANG_WARN_DIRECT_OBJC_ISA_USAGE = YES_ERROR;
				CLANG_WARN_DOCUMENTATION_COMMENTS = YES;
				CLANG_WARN_EMPTY_BODY = YES;
				CLANG_WARN_ENUM_CONVERSION = YES;
				CLANG_WARN_INFINITE_RECURSION = YES;
				CLANG_WARN_INT_CONVERSION = YES;
				CLANG_WARN_NON_LITERAL_NULL_CONVERSION = YES;
				CLANG_WARN_OBJC_IMPLICIT_RETAIN_SELF = YES;
				CLANG_WARN_OBJC_LITERAL_CONVERSION = YES;
				CLANG_WARN_OBJC_ROOT_CLASS = YES_ERROR;
				CLANG_WARN_RANGE_LOOP_ANALYSIS = YES;
				CLANG_WARN_STRICT_PROTOTYPES = YES;
				CLANG_WARN_SUSPICIOUS_MOVE = YES;
				CLANG_WARN_UNGUARDED_AVAILABILITY = YES_AGGRESSIVE;
				CLANG_WARN_UNREACHABLE_CODE = YES;
				CLANG_WARN__DUPLICATE_METHOD_MATCH = YES;
				CODE_SIGN_IDENTITY = "iPhone Developer";
				COPY_PHASE_STRIP = NO;
				DEBUG_INFORMATION_FORMAT = "dwarf-with-dsym";
				ENABLE_NS_ASSERTIONS = NO;
				ENABLE_STRICT_OBJC_MSGSEND = YES;
				GCC_C_LANGUAGE_STANDARD = gnu11;
				GCC_NO_COMMON_BLOCKS = YES;
				GCC_WARN_64_TO_32_BIT_CONVERSION = YES;
				GCC_WARN_ABOUT_RETURN_TYPE = YES_ERROR;
				GCC_WARN_UNDECLARED_SELECTOR = YES;
				GCC_WARN_UNINITIALIZED_AUTOS = YES_AGGRESSIVE;
				GCC_WARN_UNUSED_FUNCTION = YES;
				GCC_WARN_UNUSED_VARIABLE = YES;
				IPHONEOS_DEPLOYMENT_TARGET = 12.4;
				MTL_ENABLE_DEBUG_INFO = NO;
				MTL_FAST_MATH = YES;
				SDKROOT = iphoneos;
				SWIFT_COMPILATION_MODE = wholemodule;
				SWIFT_OPTIMIZATION_LEVEL = "-O";
				VALIDATE_PRODUCT = YES;
			};
			name = Release;
		};
		C39D205A2310C0FE00B7B19D /* Debug */ = {
			isa = XCBuildConfiguration;
			buildSettings = {
				ASSETCATALOG_COMPILER_APPICON_NAME = AppIcon;
				CODE_SIGN_STYLE = Automatic;
				INFOPLIST_FILE = sesion5.4Boton/Info.plist;
				LD_RUNPATH_SEARCH_PATHS = (
					"$(inherited)",
					"@executable_path/Frameworks",
				);
				PRODUCT_BUNDLE_IDENTIFIER = "mx.unam.sesion5-4Boton";
				PRODUCT_NAME = "$(TARGET_NAME)";
				SWIFT_VERSION = 5.0;
				TARGETED_DEVICE_FAMILY = "1,2";
			};
			name = Debug;
		};
		C39D205B2310C0FE00B7B19D /* Release */ = {
			isa = XCBuildConfiguration;
			buildSettings = {
				ASSETCATALOG_COMPILER_APPICON_NAME = AppIcon;
				CODE_SIGN_STYLE = Automatic;
				INFOPLIST_FILE = sesion5.4Boton/Info.plist;
				LD_RUNPATH_SEARCH_PATHS = (
					"$(inherited)",
					"@executable_path/Frameworks",
				);
				PRODUCT_BUNDLE_IDENTIFIER = "mx.unam.sesion5-4Boton";
				PRODUCT_NAME = "$(TARGET_NAME)";
				SWIFT_VERSION = 5.0;
				TARGETED_DEVICE_FAMILY = "1,2";
			};
			name = Release;
		};
/* End XCBuildConfiguration section */

/* Begin XCConfigurationList section */
		C39D20422310C0FE00B7B19D /* Build configuration list for PBXProject "sesion5.4Boton" */ = {
			isa = XCConfigurationList;
			buildConfigurations = (
				C39D20572310C0FE00B7B19D /* Debug */,
				C39D20582310C0FE00B7B19D /* Release */,
			);
			defaultConfigurationIsVisible = 0;
			defaultConfigurationName = Release;
		};
		C39D20592310C0FE00B7B19D /* Build configuration list for PBXNativeTarget "sesion5.4Boton" */ = {
			isa = XCConfigurationList;
			buildConfigurations = (
				C39D205A2310C0FE00B7B19D /* Debug */,
				C39D205B2310C0FE00B7B19D /* Release */,
			);
			defaultConfigurationIsVisible = 0;
			defaultConfigurationName = Release;
		};
/* End XCConfigurationList section */
	};
	rootObject = C39D203F2310C0FE00B7B19D /* Project object */;
}
