// !$*UTF8*$!
{
	archiveVersion = 1;
	classes = {
	};
	objectVersion = 50;
	objects = {

/* Begin PBXBuildFile section */
		C3EE93A2232AA73D00DE69FB /* AppDelegate.swift in Sources */ = {isa = PBXBuildFile; fileRef = C3EE93A1232AA73D00DE69FB /* AppDelegate.swift */; };
		C3EE93A7232AA73D00DE69FB /* Main.storyboard in Resources */ = {isa = PBXBuildFile; fileRef = C3EE93A5232AA73D00DE69FB /* Main.storyboard */; };
		C3EE93A9232AA73E00DE69FB /* Assets.xcassets in Resources */ = {isa = PBXBuildFile; fileRef = C3EE93A8232AA73E00DE69FB /* Assets.xcassets */; };
		C3EE93AC232AA73E00DE69FB /* LaunchScreen.storyboard in Resources */ = {isa = PBXBuildFile; fileRef = C3EE93AA232AA73E00DE69FB /* LaunchScreen.storyboard */; };
		C3EE93B4232AA7FC00DE69FB /* Emoji.swift in Sources */ = {isa = PBXBuildFile; fileRef = C3EE93B3232AA7FC00DE69FB /* Emoji.swift */; };
		C3EE93B6232AAB1A00DE69FB /* EmojiTableViewController.swift in Sources */ = {isa = PBXBuildFile; fileRef = C3EE93B5232AAB1A00DE69FB /* EmojiTableViewController.swift */; };
/* End PBXBuildFile section */

/* Begin PBXFileReference section */
		C3EE939E232AA73D00DE69FB /* EmojiDictionary.app */ = {isa = PBXFileReference; explicitFileType = wrapper.application; includeInIndex = 0; path = EmojiDictionary.app; sourceTree = BUILT_PRODUCTS_DIR; };
		C3EE93A1232AA73D00DE69FB /* AppDelegate.swift */ = {isa = PBXFileReference; lastKnownFileType = sourcecode.swift; path = AppDelegate.swift; sourceTree = "<group>"; };
		C3EE93A6232AA73D00DE69FB /* Base */ = {isa = PBXFileReference; lastKnownFileType = file.storyboard; name = Base; path = Base.lproj/Main.storyboard; sourceTree = "<group>"; };
		C3EE93A8232AA73E00DE69FB /* Assets.xcassets */ = {isa = PBXFileReference; lastKnownFileType = folder.assetcatalog; path = Assets.xcassets; sourceTree = "<group>"; };
		C3EE93AB232AA73E00DE69FB /* Base */ = {isa = PBXFileReference; lastKnownFileType = file.storyboard; name = Base; path = Base.lproj/LaunchScreen.storyboard; sourceTree = "<group>"; };
		C3EE93AD232AA73E00DE69FB /* Info.plist */ = {isa = PBXFileReference; lastKnownFileType = text.plist.xml; path = Info.plist; sourceTree = "<group>"; };
		C3EE93B3232AA7FC00DE69FB /* Emoji.swift */ = {isa = PBXFileReference; lastKnownFileType = sourcecode.swift; path = Emoji.swift; sourceTree = "<group>"; };
		C3EE93B5232AAB1A00DE69FB /* EmojiTableViewController.swift */ = {isa = PBXFileReference; lastKnownFileType = sourcecode.swift; path = EmojiTableViewController.swift; sourceTree = "<group>"; };
/* End PBXFileReference section */

/* Begin PBXFrameworksBuildPhase section */
		C3EE939B232AA73D00DE69FB /* Frameworks */ = {
			isa = PBXFrameworksBuildPhase;
			buildActionMask = 2147483647;
			files = (
			);
			runOnlyForDeploymentPostprocessing = 0;
		};
/* End PBXFrameworksBuildPhase section */

/* Begin PBXGroup section */
		C3EE9395232AA73D00DE69FB = {
			isa = PBXGroup;
			children = (
				C3EE93A0232AA73D00DE69FB /* EmojiDictionary */,
				C3EE939F232AA73D00DE69FB /* Products */,
			);
			sourceTree = "<group>";
		};
		C3EE939F232AA73D00DE69FB /* Products */ = {
			isa = PBXGroup;
			children = (
				C3EE939E232AA73D00DE69FB /* EmojiDictionary.app */,
			);
			name = Products;
			sourceTree = "<group>";
		};
		C3EE93A0232AA73D00DE69FB /* EmojiDictionary */ = {
			isa = PBXGroup;
			children = (
				C3EE93A1232AA73D00DE69FB /* AppDelegate.swift */,
				C3EE93B3232AA7FC00DE69FB /* Emoji.swift */,
				C3EE93A5232AA73D00DE69FB /* Main.storyboard */,
				C3EE93B5232AAB1A00DE69FB /* EmojiTableViewController.swift */,
				C3EE93A8232AA73E00DE69FB /* Assets.xcassets */,
				C3EE93AA232AA73E00DE69FB /* LaunchScreen.storyboard */,
				C3EE93AD232AA73E00DE69FB /* Info.plist */,
			);
			path = EmojiDictionary;
			sourceTree = "<group>";
		};
/* End PBXGroup section */

/* Begin PBXNativeTarget section */
		C3EE939D232AA73D00DE69FB /* EmojiDictionary */ = {
			isa = PBXNativeTarget;
			buildConfigurationList = C3EE93B0232AA73E00DE69FB /* Build configuration list for PBXNativeTarget "EmojiDictionary" */;
			buildPhases = (
				C3EE939A232AA73D00DE69FB /* Sources */,
				C3EE939B232AA73D00DE69FB /* Frameworks */,
				C3EE939C232AA73D00DE69FB /* Resources */,
			);
			buildRules = (
			);
			dependencies = (
			);
			name = EmojiDictionary;
			productName = EmojiDictionary;
			productReference = C3EE939E232AA73D00DE69FB /* EmojiDictionary.app */;
			productType = "com.apple.product-type.application";
		};
/* End PBXNativeTarget section */

/* Begin PBXProject section */
		C3EE9396232AA73D00DE69FB /* Project object */ = {
			isa = PBXProject;
			attributes = {
				LastSwiftUpdateCheck = 1030;
				LastUpgradeCheck = 1030;
				ORGANIZATIONNAME = unam;
				TargetAttributes = {
					C3EE939D232AA73D00DE69FB = {
						CreatedOnToolsVersion = 10.3;
					};
				};
			};
			buildConfigurationList = C3EE9399232AA73D00DE69FB /* Build configuration list for PBXProject "EmojiDictionary" */;
			compatibilityVersion = "Xcode 9.3";
			developmentRegion = en;
			hasScannedForEncodings = 0;
			knownRegions = (
				en,
				Base,
			);
			mainGroup = C3EE9395232AA73D00DE69FB;
			productRefGroup = C3EE939F232AA73D00DE69FB /* Products */;
			projectDirPath = "";
			projectRoot = "";
			targets = (
				C3EE939D232AA73D00DE69FB /* EmojiDictionary */,
			);
		};
/* End PBXProject section */

/* Begin PBXResourcesBuildPhase section */
		C3EE939C232AA73D00DE69FB /* Resources */ = {
			isa = PBXResourcesBuildPhase;
			buildActionMask = 2147483647;
			files = (
				C3EE93AC232AA73E00DE69FB /* LaunchScreen.storyboard in Resources */,
				C3EE93A9232AA73E00DE69FB /* Assets.xcassets in Resources */,
				C3EE93A7232AA73D00DE69FB /* Main.storyboard in Resources */,
			);
			runOnlyForDeploymentPostprocessing = 0;
		};
/* End PBXResourcesBuildPhase section */

/* Begin PBXSourcesBuildPhase section */
		C3EE939A232AA73D00DE69FB /* Sources */ = {
			isa = PBXSourcesBuildPhase;
			buildActionMask = 2147483647;
			files = (
				C3EE93B4232AA7FC00DE69FB /* Emoji.swift in Sources */,
				C3EE93B6232AAB1A00DE69FB /* EmojiTableViewController.swift in Sources */,
				C3EE93A2232AA73D00DE69FB /* AppDelegate.swift in Sources */,
			);
			runOnlyForDeploymentPostprocessing = 0;
		};
/* End PBXSourcesBuildPhase section */

/* Begin PBXVariantGroup section */
		C3EE93A5232AA73D00DE69FB /* Main.storyboard */ = {
			isa = PBXVariantGroup;
			children = (
				C3EE93A6232AA73D00DE69FB /* Base */,
			);
			name = Main.storyboard;
			sourceTree = "<group>";
		};
		C3EE93AA232AA73E00DE69FB /* LaunchScreen.storyboard */ = {
			isa = PBXVariantGroup;
			children = (
				C3EE93AB232AA73E00DE69FB /* Base */,
			);
			name = LaunchScreen.storyboard;
			sourceTree = "<group>";
		};
/* End PBXVariantGroup section */

/* Begin XCBuildConfiguration section */
		C3EE93AE232AA73E00DE69FB /* Debug */ = {
			isa = XCBuildConfiguration;
			buildSettings = {
				ALWAYS_SEARCH_USER_PATHS = NO;
				CLANG_ANALYZER_NONNULL = YES;
				CLANG_ANALYZER_NUMBER_OBJECT_CONVERSION = YES_AGGRESSIVE;
				CLANG_CXX_LANGUAGE_STANDARD = "gnu++14";
				CLANG_CXX_LIBRARY = "libc++";
				CLANG_ENABLE_MODULES = YES;
				CLANG_ENABLE_OBJC_ARC = YES;
				CLANG_ENABLE_OBJC_WEAK = YES;
				CLANG_WARN_BLOCK_CAPTURE_AUTORELEASING = YES;
				CLANG_WARN_BOOL_CONVERSION = YES;
				CLANG_WARN_COMMA = YES;
				CLANG_WARN_CONSTANT_CONVERSION = YES;
				CLANG_WARN_DEPRECATED_OBJC_IMPLEMENTATIONS = YES;
				CLANG_WARN_DIRECT_OBJC_ISA_USAGE = YES_ERROR;
				CLANG_WARN_DOCUMENTATION_COMMENTS = YES;
				CLANG_WARN_EMPTY_BODY = YES;
				CLANG_WARN_ENUM_CONVERSION = YES;
				CLANG_WARN_INFINITE_RECURSION = YES;
				CLANG_WARN_INT_CONVERSION = YES;
				CLANG_WARN_NON_LITERAL_NULL_CONVERSION = YES;
				CLANG_WARN_OBJC_IMPLICIT_RETAIN_SELF = YES;
				CLANG_WARN_OBJC_LITERAL_CONVERSION = YES;
				CLANG_WARN_OBJC_ROOT_CLASS = YES_ERROR;
				CLANG_WARN_RANGE_LOOP_ANALYSIS = YES;
				CLANG_WARN_STRICT_PROTOTYPES = YES;
				CLANG_WARN_SUSPICIOUS_MOVE = YES;
				CLANG_WARN_UNGUARDED_AVAILABILITY = YES_AGGRESSIVE;
				CLANG_WARN_UNREACHABLE_CODE = YES;
				CLANG_WARN__DUPLICATE_METHOD_MATCH = YES;
				CODE_SIGN_IDENTITY = "iPhone Developer";
				COPY_PHASE_STRIP = NO;
				DEBUG_INFORMATION_FORMAT = dwarf;
				ENABLE_STRICT_OBJC_MSGSEND = YES;
				ENABLE_TESTABILITY = YES;
				GCC_C_LANGUAGE_STANDARD = gnu11;
				GCC_DYNAMIC_NO_PIC = NO;
				GCC_NO_COMMON_BLOCKS = YES;
				GCC_OPTIMIZATION_LEVEL = 0;
				GCC_PREPROCESSOR_DEFINITIONS = (
					"DEBUG=1",
					"$(inherited)",
				);
				GCC_WARN_64_TO_32_BIT_CONVERSION = YES;
				GCC_WARN_ABOUT_RETURN_TYPE = YES_ERROR;
				GCC_WARN_UNDECLARED_SELECTOR = YES;
				GCC_WARN_UNINITIALIZED_AUTOS = YES_AGGRESSIVE;
				GCC_WARN_UNUSED_FUNCTION = YES;
				GCC_WARN_UNUSED_VARIABLE = YES;
				IPHONEOS_DEPLOYMENT_TARGET = 12.4;
				MTL_ENABLE_DEBUG_INFO = INCLUDE_SOURCE;
				MTL_FAST_MATH = YES;
				ONLY_ACTIVE_ARCH = YES;
				SDKROOT = iphoneos;
				SWIFT_ACTIVE_COMPILATION_CONDITIONS = DEBUG;
				SWIFT_OPTIMIZATION_LEVEL = "-Onone";
			};
			name = Debug;
		};
		C3EE93AF232AA73E00DE69FB /* Release */ = {
			isa = XCBuildConfiguration;
			buildSettings = {
				ALWAYS_SEARCH_USER_PATHS = NO;
				CLANG_ANALYZER_NONNULL = YES;
				CLANG_ANALYZER_NUMBER_OBJECT_CONVERSION = YES_AGGRESSIVE;
				CLANG_CXX_LANGUAGE_STANDARD = "gnu++14";
				CLANG_CXX_LIBRARY = "libc++";
				CLANG_ENABLE_MODULES = YES;
				CLANG_ENABLE_OBJC_ARC = YES;
				CLANG_ENABLE_OBJC_WEAK = YES;
				CLANG_WARN_BLOCK_CAPTURE_AUTORELEASING = YES;
				CLANG_WARN_BOOL_CONVERSION = YES;
				CLANG_WARN_COMMA = YES;
				CLANG_WARN_CONSTANT_CONVERSION = YES;
				CLANG_WARN_DEPRECATED_OBJC_IMPLEMENTATIONS = YES;
				CLANG_WARN_DIRECT_OBJC_ISA_USAGE = YES_ERROR;
				CLANG_WARN_DOCUMENTATION_COMMENTS = YES;
				CLANG_WARN_EMPTY_BODY = YES;
				CLANG_WARN_ENUM_CONVERSION = YES;
				CLANG_WARN_INFINITE_RECURSION = YES;
				CLANG_WARN_INT_CONVERSION = YES;
				CLANG_WARN_NON_LITERAL_NULL_CONVERSION = YES;
				CLANG_WARN_OBJC_IMPLICIT_RETAIN_SELF = YES;
				CLANG_WARN_OBJC_LITERAL_CONVERSION = YES;
				CLANG_WARN_OBJC_ROOT_CLASS = YES_ERROR;
				CLANG_WARN_RANGE_LOOP_ANALYSIS = YES;
				CLANG_WARN_STRICT_PROTOTYPES = YES;
				CLANG_WARN_SUSPICIOUS_MOVE = YES;
				CLANG_WARN_UNGUARDED_AVAILABILITY = YES_AGGRESSIVE;
				CLANG_WARN_UNREACHABLE_CODE = YES;
				CLANG_WARN__DUPLICATE_METHOD_MATCH = YES;
				CODE_SIGN_IDENTITY = "iPhone Developer";
				COPY_PHASE_STRIP = NO;
				DEBUG_INFORMATION_FORMAT = "dwarf-with-dsym";
				ENABLE_NS_ASSERTIONS = NO;
				ENABLE_STRICT_OBJC_MSGSEND = YES;
				GCC_C_LANGUAGE_STANDARD = gnu11;
				GCC_NO_COMMON_BLOCKS = YES;
				GCC_WARN_64_TO_32_BIT_CONVERSION = YES;
				GCC_WARN_ABOUT_RETURN_TYPE = YES_ERROR;
				GCC_WARN_UNDECLARED_SELECTOR = YES;
				GCC_WARN_UNINITIALIZED_AUTOS = YES_AGGRESSIVE;
				GCC_WARN_UNUSED_FUNCTION = YES;
				GCC_WARN_UNUSED_VARIABLE = YES;
				IPHONEOS_DEPLOYMENT_TARGET = 12.4;
				MTL_ENABLE_DEBUG_INFO = NO;
				MTL_FAST_MATH = YES;
				SDKROOT = iphoneos;
				SWIFT_COMPILATION_MODE = wholemodule;
				SWIFT_OPTIMIZATION_LEVEL = "-O";
				VALIDATE_PRODUCT = YES;
			};
			name = Release;
		};
		C3EE93B1232AA73E00DE69FB /* Debug */ = {
			isa = XCBuildConfiguration;
			buildSettings = {
				ASSETCATALOG_COMPILER_APPICON_NAME = AppIcon;
				CODE_SIGN_STYLE = Automatic;
				INFOPLIST_FILE = EmojiDictionary/Info.plist;
				LD_RUNPATH_SEARCH_PATHS = (
					"$(inherited)",
					"@executable_path/Frameworks",
				);
				PRODUCT_BUNDLE_IDENTIFIER = mx.unam.EmojiDictionary;
				PRODUCT_NAME = "$(TARGET_NAME)";
				SWIFT_VERSION = 5.0;
				TARGETED_DEVICE_FAMILY = "1,2";
			};
			name = Debug;
		};
		C3EE93B2232AA73E00DE69FB /* Release */ = {
			isa = XCBuildConfiguration;
			buildSettings = {
				ASSETCATALOG_COMPILER_APPICON_NAME = AppIcon;
				CODE_SIGN_STYLE = Automatic;
				INFOPLIST_FILE = EmojiDictionary/Info.plist;
				LD_RUNPATH_SEARCH_PATHS = (
					"$(inherited)",
					"@executable_path/Frameworks",
				);
				PRODUCT_BUNDLE_IDENTIFIER = mx.unam.EmojiDictionary;
				PRODUCT_NAME = "$(TARGET_NAME)";
				SWIFT_VERSION = 5.0;
				TARGETED_DEVICE_FAMILY = "1,2";
			};
			name = Release;
		};
/* End XCBuildConfiguration section */

/* Begin XCConfigurationList section */
		C3EE9399232AA73D00DE69FB /* Build configuration list for PBXProject "EmojiDictionary" */ = {
			isa = XCConfigurationList;
			buildConfigurations = (
				C3EE93AE232AA73E00DE69FB /* Debug */,
				C3EE93AF232AA73E00DE69FB /* Release */,
			);
			defaultConfigurationIsVisible = 0;
			defaultConfigurationName = Release;
		};
		C3EE93B0232AA73E00DE69FB /* Build configuration list for PBXNativeTarget "EmojiDictionary" */ = {
			isa = XCConfigurationList;
			buildConfigurations = (
				C3EE93B1232AA73E00DE69FB /* Debug */,
				C3EE93B2232AA73E00DE69FB /* Release */,
			);
			defaultConfigurationIsVisible = 0;
			defaultConfigurationName = Release;
		};
/* End XCConfigurationList section */
	};
	rootObject = C3EE9396232AA73D00DE69FB /* Project object */;
}
